// !$*UTF8*$!
{
	archiveVersion = 1;
	classes = {
	};
	objectVersion = 50;
	objects = {

/* Begin PBXBuildFile section */
		EE88FE072256303400F2FC79 /* AppDelegate.swift in Sources */ = {isa = PBXBuildFile; fileRef = EE88FE062256303400F2FC79 /* AppDelegate.swift */; };
		EE88FE092256303400F2FC79 /* ViewController.swift in Sources */ = {isa = PBXBuildFile; fileRef = EE88FE082256303400F2FC79 /* ViewController.swift */; };
		EE88FE0C2256303400F2FC79 /* Main.storyboard in Resources */ = {isa = PBXBuildFile; fileRef = EE88FE0A2256303400F2FC79 /* Main.storyboard */; };
		EE88FE0E2256303700F2FC79 /* Assets.xcassets in Resources */ = {isa = PBXBuildFile; fileRef = EE88FE0D2256303700F2FC79 /* Assets.xcassets */; };
		EE88FE112256303700F2FC79 /* LaunchScreen.storyboard in Resources */ = {isa = PBXBuildFile; fileRef = EE88FE0F2256303700F2FC79 /* LaunchScreen.storyboard */; };
		EE88FE1C225652DE00F2FC79 /* trimss.mp3 in Resources */ = {isa = PBXBuildFile; fileRef = EE88FE1B225652DE00F2FC79 /* trimss.mp3 */; };
		EE88FE1E2256B7F700F2FC79 /* Circular.swift in Sources */ = {isa = PBXBuildFile; fileRef = EE88FE1D2256B7F700F2FC79 /* Circular.swift */; };
/* End PBXBuildFile section */

/* Begin PBXFileReference section */
		EE88FE032256303400F2FC79 /* HairTrimer.app */ = {isa = PBXFileReference; explicitFileType = wrapper.application; includeInIndex = 0; path = HairTrimer.app; sourceTree = BUILT_PRODUCTS_DIR; };
		EE88FE062256303400F2FC79 /* AppDelegate.swift */ = {isa = PBXFileReference; lastKnownFileType = sourcecode.swift; path = AppDelegate.swift; sourceTree = "<group>"; };
		EE88FE082256303400F2FC79 /* ViewController.swift */ = {isa = PBXFileReference; lastKnownFileType = sourcecode.swift; path = ViewController.swift; sourceTree = "<group>"; };
		EE88FE0B2256303400F2FC79 /* Base */ = {isa = PBXFileReference; lastKnownFileType = file.storyboard; name = Base; path = Base.lproj/Main.storyboard; sourceTree = "<group>"; };
		EE88FE0D2256303700F2FC79 /* Assets.xcassets */ = {isa = PBXFileReference; lastKnownFileType = folder.assetcatalog; path = Assets.xcassets; sourceTree = "<group>"; };
		EE88FE102256303700F2FC79 /* Base */ = {isa = PBXFileReference; lastKnownFileType = file.storyboard; name = Base; path = Base.lproj/LaunchScreen.storyboard; sourceTree = "<group>"; };
		EE88FE122256303700F2FC79 /* Info.plist */ = {isa = PBXFileReference; lastKnownFileType = text.plist.xml; path = Info.plist; sourceTree = "<group>"; };
		EE88FE1B225652DE00F2FC79 /* trimss.mp3 */ = {isa = PBXFileReference; lastKnownFileType = audio.mp3; path = trimss.mp3; sourceTree = "<group>"; };
		EE88FE1D2256B7F700F2FC79 /* Circular.swift */ = {isa = PBXFileReference; lastKnownFileType = sourcecode.swift; path = Circular.swift; sourceTree = "<group>"; };
/* End PBXFileReference section */

/* Begin PBXFrameworksBuildPhase section */
		EE88FE002256303400F2FC79 /* Frameworks */ = {
			isa = PBXFrameworksBuildPhase;
			buildActionMask = 2147483647;
			files = (
			);
			runOnlyForDeploymentPostprocessing = 0;
		};
/* End PBXFrameworksBuildPhase section */

/* Begin PBXGroup section */
		EE88FDFA2256303400F2FC79 = {
			isa = PBXGroup;
			children = (
				EE88FE1A2256306300F2FC79 /* Controller */,
				EE88FE192256305A00F2FC79 /* View */,
				EE88FE182256305100F2FC79 /* Model */,
				EE88FE052256303400F2FC79 /* HairTrimer */,
				EE88FE042256303400F2FC79 /* Products */,
			);
			sourceTree = "<group>";
		};
		EE88FE042256303400F2FC79 /* Products */ = {
			isa = PBXGroup;
			children = (
				EE88FE032256303400F2FC79 /* HairTrimer.app */,
			);
			name = Products;
			sourceTree = "<group>";
		};
		EE88FE052256303400F2FC79 /* HairTrimer */ = {
			isa = PBXGroup;
			children = (
				EE88FE1B225652DE00F2FC79 /* trimss.mp3 */,
				EE88FE062256303400F2FC79 /* AppDelegate.swift */,
				EE88FE0D2256303700F2FC79 /* Assets.xcassets */,
				EE88FE0F2256303700F2FC79 /* LaunchScreen.storyboard */,
				EE88FE122256303700F2FC79 /* Info.plist */,
			);
			path = HairTrimer;
			sourceTree = "<group>";
		};
		EE88FE182256305100F2FC79 /* Model */ = {
			isa = PBXGroup;
			children = (
				EE88FE1D2256B7F700F2FC79 /* Circular.swift */,
			);
			path = Model;
			sourceTree = "<group>";
		};
		EE88FE192256305A00F2FC79 /* View */ = {
			isa = PBXGroup;
			children = (
				EE88FE0A2256303400F2FC79 /* Main.storyboard */,
			);
			path = View;
			sourceTree = "<group>";
		};
		EE88FE1A2256306300F2FC79 /* Controller */ = {
			isa = PBXGroup;
			children = (
				EE88FE082256303400F2FC79 /* ViewController.swift */,
			);
			path = Controller;
			sourceTree = "<group>";
		};
/* End PBXGroup section */

/* Begin PBXNativeTarget section */
		EE88FE022256303400F2FC79 /* HairTrimer */ = {
			isa = PBXNativeTarget;
			buildConfigurationList = EE88FE152256303700F2FC79 /* Build configuration list for PBXNativeTarget "HairTrimer" */;
			buildPhases = (
				EE88FDFF2256303400F2FC79 /* Sources */,
				EE88FE002256303400F2FC79 /* Frameworks */,
				EE88FE012256303400F2FC79 /* Resources */,
			);
			buildRules = (
			);
			dependencies = (
			);
			name = HairTrimer;
			productName = HairTrimer;
			productReference = EE88FE032256303400F2FC79 /* HairTrimer.app */;
			productType = "com.apple.product-type.application";
		};
/* End PBXNativeTarget section */

/* Begin PBXProject section */
		EE88FDFB2256303400F2FC79 /* Project object */ = {
			isa = PBXProject;
			attributes = {
				LastSwiftUpdateCheck = 1020;
				LastUpgradeCheck = 1020;
				ORGANIZATIONNAME = Duale;
				TargetAttributes = {
					EE88FE022256303400F2FC79 = {
						CreatedOnToolsVersion = 10.2;
					};
				};
			};
			buildConfigurationList = EE88FDFE2256303400F2FC79 /* Build configuration list for PBXProject "HairTrimer" */;
			compatibilityVersion = "Xcode 9.3";
			developmentRegion = en;
			hasScannedForEncodings = 0;
			knownRegions = (
				en,
				Base,
			);
			mainGroup = EE88FDFA2256303400F2FC79;
			productRefGroup = EE88FE042256303400F2FC79 /* Products */;
			projectDirPath = "";
			projectRoot = "";
			targets = (
				EE88FE022256303400F2FC79 /* HairTrimer */,
			);
		};
/* End PBXProject section */

/* Begin PBXResourcesBuildPhase section */
		EE88FE012256303400F2FC79 /* Resources */ = {
			isa = PBXResourcesBuildPhase;
			buildActionMask = 2147483647;
			files = (
				EE88FE112256303700F2FC79 /* LaunchScreen.storyboard in Resources */,
				EE88FE0E2256303700F2FC79 /* Assets.xcassets in Resources */,
				EE88FE1C225652DE00F2FC79 /* trimss.mp3 in Resources */,
				EE88FE0C2256303400F2FC79 /* Main.storyboard in Resources */,
			);
			runOnlyForDeploymentPostprocessing = 0;
		};
/* End PBXResourcesBuildPhase section */

/* Begin PBXSourcesBuildPhase section */
		EE88FDFF2256303400F2FC79 /* Sources */ = {
			isa = PBXSourcesBuildPhase;
			buildActionMask = 2147483647;
			files = (
				EE88FE092256303400F2FC79 /* ViewController.swift in Sources */,
				EE88FE1E2256B7F700F2FC79 /* Circular.swift in Sources */,
				EE88FE072256303400F2FC79 /* AppDelegate.swift in Sources */,
			);
			runOnlyForDeploymentPostprocessing = 0;
		};
/* End PBXSourcesBuildPhase section */

/* Begin PBXVariantGroup section */
		EE88FE0A2256303400F2FC79 /* Main.storyboard */ = {
			isa = PBXVariantGroup;
			children = (
				EE88FE0B2256303400F2FC79 /* Base */,
			);
			name = Main.storyboard;
			sourceTree = "<group>";
		};
		EE88FE0F2256303700F2FC79 /* LaunchScreen.storyboard */ = {
			isa = PBXVariantGroup;
			children = (
				EE88FE102256303700F2FC79 /* Base */,
			);
			name = LaunchScreen.storyboard;
			sourceTree = "<group>";
		};
/* End PBXVariantGroup section */

/* Begin XCBuildConfiguration section */
		EE88FE132256303700F2FC79 /* Debug */ = {
			isa = XCBuildConfiguration;
			buildSettings = {
				ALWAYS_SEARCH_USER_PATHS = NO;
				CLANG_ANALYZER_NONNULL = YES;
				CLANG_ANALYZER_NUMBER_OBJECT_CONVERSION = YES_AGGRESSIVE;
				CLANG_CXX_LANGUAGE_STANDARD = "gnu++14";
				CLANG_CXX_LIBRARY = "libc++";
				CLANG_ENABLE_MODULES = YES;
				CLANG_ENABLE_OBJC_ARC = YES;
				CLANG_ENABLE_OBJC_WEAK = YES;
				CLANG_WARN_BLOCK_CAPTURE_AUTORELEASING = YES;
				CLANG_WARN_BOOL_CONVERSION = YES;
				CLANG_WARN_COMMA = YES;
				CLANG_WARN_CONSTANT_CONVERSION = YES;
				CLANG_WARN_DEPRECATED_OBJC_IMPLEMENTATIONS = YES;
				CLANG_WARN_DIRECT_OBJC_ISA_USAGE = YES_ERROR;
				CLANG_WARN_DOCUMENTATION_COMMENTS = YES;
				CLANG_WARN_EMPTY_BODY = YES;
				CLANG_WARN_ENUM_CONVERSION = YES;
				CLANG_WARN_INFINITE_RECURSION = YES;
				CLANG_WARN_INT_CONVERSION = YES;
				CLANG_WARN_NON_LITERAL_NULL_CONVERSION = YES;
				CLANG_WARN_OBJC_IMPLICIT_RETAIN_SELF = YES;
				CLANG_WARN_OBJC_LITERAL_CONVERSION = YES;
				CLANG_WARN_OBJC_ROOT_CLASS = YES_ERROR;
				CLANG_WARN_RANGE_LOOP_ANALYSIS = YES;
				CLANG_WARN_STRICT_PROTOTYPES = YES;
				CLANG_WARN_SUSPICIOUS_MOVE = YES;
				CLANG_WARN_UNGUARDED_AVAILABILITY = YES_AGGRESSIVE;
				CLANG_WARN_UNREACHABLE_CODE = YES;
				CLANG_WARN__DUPLICATE_METHOD_MATCH = YES;
				CODE_SIGN_IDENTITY = "iPhone Developer";
				COPY_PHASE_STRIP = NO;
				DEBUG_INFORMATION_FORMAT = dwarf;
				ENABLE_STRICT_OBJC_MSGSEND = YES;
				ENABLE_TESTABILITY = YES;
				GCC_C_LANGUAGE_STANDARD = gnu11;
				GCC_DYNAMIC_NO_PIC = NO;
				GCC_NO_COMMON_BLOCKS = YES;
				GCC_OPTIMIZATION_LEVEL = 0;
				GCC_PREPROCESSOR_DEFINITIONS = (
					"DEBUG=1",
					"$(inherited)",
				);
				GCC_WARN_64_TO_32_BIT_CONVERSION = YES;
				GCC_WARN_ABOUT_RETURN_TYPE = YES_ERROR;
				GCC_WARN_UNDECLARED_SELECTOR = YES;
				GCC_WARN_UNINITIALIZED_AUTOS = YES_AGGRESSIVE;
				GCC_WARN_UNUSED_FUNCTION = YES;
				GCC_WARN_UNUSED_VARIABLE = YES;
				IPHONEOS_DEPLOYMENT_TARGET = 12.2;
				MTL_ENABLE_DEBUG_INFO = INCLUDE_SOURCE;
				MTL_FAST_MATH = YES;
				ONLY_ACTIVE_ARCH = YES;
				SDKROOT = iphoneos;
				SWIFT_ACTIVE_COMPILATION_CONDITIONS = DEBUG;
				SWIFT_OPTIMIZATION_LEVEL = "-Onone";
			};
			name = Debug;
		};
		EE88FE142256303700F2FC79 /* Release */ = {
			isa = XCBuildConfiguration;
			buildSettings = {
				ALWAYS_SEARCH_USER_PATHS = NO;
				CLANG_ANALYZER_NONNULL = YES;
				CLANG_ANALYZER_NUMBER_OBJECT_CONVERSION = YES_AGGRESSIVE;
				CLANG_CXX_LANGUAGE_STANDARD = "gnu++14";
				CLANG_CXX_LIBRARY = "libc++";
				CLANG_ENABLE_MODULES = YES;
				CLANG_ENABLE_OBJC_ARC = YES;
				CLANG_ENABLE_OBJC_WEAK = YES;
				CLANG_WARN_BLOCK_CAPTURE_AUTORELEASING = YES;
				CLANG_WARN_BOOL_CONVERSION = YES;
				CLANG_WARN_COMMA = YES;
				CLANG_WARN_CONSTANT_CONVERSION = YES;
				CLANG_WARN_DEPRECATED_OBJC_IMPLEMENTATIONS = YES;
				CLANG_WARN_DIRECT_OBJC_ISA_USAGE = YES_ERROR;
				CLANG_WARN_DOCUMENTATION_COMMENTS = YES;
				CLANG_WARN_EMPTY_BODY = YES;
				CLANG_WARN_ENUM_CONVERSION = YES;
				CLANG_WARN_INFINITE_RECURSION = YES;
				CLANG_WARN_INT_CONVERSION = YES;
				CLANG_WARN_NON_LITERAL_NULL_CONVERSION = YES;
				CLANG_WARN_OBJC_IMPLICIT_RETAIN_SELF = YES;
				CLANG_WARN_OBJC_LITERAL_CONVERSION = YES;
				CLANG_WARN_OBJC_ROOT_CLASS = YES_ERROR;
				CLANG_WARN_RANGE_LOOP_ANALYSIS = YES;
				CLANG_WARN_STRICT_PROTOTYPES = YES;
				CLANG_WARN_SUSPICIOUS_MOVE = YES;
				CLANG_WARN_UNGUARDED_AVAILABILITY = YES_AGGRESSIVE;
				CLANG_WARN_UNREACHABLE_CODE = YES;
				CLANG_WARN__DUPLICATE_METHOD_MATCH = YES;
				CODE_SIGN_IDENTITY = "iPhone Developer";
				COPY_PHASE_STRIP = NO;
				DEBUG_INFORMATION_FORMAT = "dwarf-with-dsym";
				ENABLE_NS_ASSERTIONS = NO;
				ENABLE_STRICT_OBJC_MSGSEND = YES;
				GCC_C_LANGUAGE_STANDARD = gnu11;
				GCC_NO_COMMON_BLOCKS = YES;
				GCC_WARN_64_TO_32_BIT_CONVERSION = YES;
				GCC_WARN_ABOUT_RETURN_TYPE = YES_ERROR;
				GCC_WARN_UNDECLARED_SELECTOR = YES;
				GCC_WARN_UNINITIALIZED_AUTOS = YES_AGGRESSIVE;
				GCC_WARN_UNUSED_FUNCTION = YES;
				GCC_WARN_UNUSED_VARIABLE = YES;
				IPHONEOS_DEPLOYMENT_TARGET = 12.2;
				MTL_ENABLE_DEBUG_INFO = NO;
				MTL_FAST_MATH = YES;
				SDKROOT = iphoneos;
				SWIFT_COMPILATION_MODE = wholemodule;
				SWIFT_OPTIMIZATION_LEVEL = "-O";
				VALIDATE_PRODUCT = YES;
			};
			name = Release;
		};
		EE88FE162256303700F2FC79 /* Debug */ = {
			isa = XCBuildConfiguration;
			buildSettings = {
				ASSETCATALOG_COMPILER_APPICON_NAME = AppIcon;
				CODE_SIGN_STYLE = Automatic;
				DEVELOPMENT_TEAM = GG9M3SY3Q6;
				INFOPLIST_FILE = HairTrimer/Info.plist;
				LD_RUNPATH_SEARCH_PATHS = (
					"$(inherited)",
					"@executable_path/Frameworks",
				);
				PRODUCT_BUNDLE_IDENTIFIER = com.dualemahat.HairTrimer;
				PRODUCT_NAME = "$(TARGET_NAME)";
				SWIFT_VERSION = 5.0;
				TARGETED_DEVICE_FAMILY = "1,2";
			};
			name = Debug;
		};
		EE88FE172256303700F2FC79 /* Release */ = {
			isa = XCBuildConfiguration;
			buildSettings = {
				ASSETCATALOG_COMPILER_APPICON_NAME = AppIcon;
				CODE_SIGN_STYLE = Automatic;
				DEVELOPMENT_TEAM = GG9M3SY3Q6;
				INFOPLIST_FILE = HairTrimer/Info.plist;
				LD_RUNPATH_SEARCH_PATHS = (
					"$(inherited)",
					"@executable_path/Frameworks",
				);
				PRODUCT_BUNDLE_IDENTIFIER = com.dualemahat.HairTrimer;
				PRODUCT_NAME = "$(TARGET_NAME)";
				SWIFT_VERSION = 5.0;
				TARGETED_DEVICE_FAMILY = "1,2";
			};
			name = Release;
		};
/* End XCBuildConfiguration section */

/* Begin XCConfigurationList section */
		EE88FDFE2256303400F2FC79 /* Build configuration list for PBXProject "HairTrimer" */ = {
			isa = XCConfigurationList;
			buildConfigurations = (
				EE88FE132256303700F2FC79 /* Debug */,
				EE88FE142256303700F2FC79 /* Release */,
			);
			defaultConfigurationIsVisible = 0;
			defaultConfigurationName = Release;
		};
		EE88FE152256303700F2FC79 /* Build configuration list for PBXNativeTarget "HairTrimer" */ = {
			isa = XCConfigurationList;
			buildConfigurations = (
				EE88FE162256303700F2FC79 /* Debug */,
				EE88FE172256303700F2FC79 /* Release */,
			);
			defaultConfigurationIsVisible = 0;
			defaultConfigurationName = Release;
		};
/* End XCConfigurationList section */
	};
	rootObject = EE88FDFB2256303400F2FC79 /* Project object */;
}
